
Microsoft Visual Studio Solution File, Format Version 12.00
# Visual Studio Version 16
VisualStudioVersion = 16.0.32929.386
MinimumVisualStudioVersion = 10.0.40219.1
Project("{FAE04EC0-301F-11D3-BF4B-00C04F79EFBC}") = "Lab01", "Lab01\Lab01.csproj", "{0361E2E9-CB6D-43C9-8BF0-7B39B7441C03}"
EndProject
Global
	GlobalSection(SolutionConfigurationPlatforms) = preSolution
		Debug|Any CPU = Debug|Any CPU
		Release|Any CPU = Release|Any CPU
	EndGlobalSection
	GlobalSection(ProjectConfigurationPlatforms) = postSolution
		{0361E2E9-CB6D-43C9-8BF0-7B39B7441C03}.Debug|Any CPU.ActiveCfg = Debug|Any CPU
		{0361E2E9-CB6D-43C9-8BF0-7B39B7441C03}.Debug|Any CPU.Build.0 = Debug|Any CPU
		{0361E2E9-CB6D-43C9-8BF0-7B39B7441C03}.Release|Any CPU.ActiveCfg = Release|Any CPU
		{0361E2E9-CB6D-43C9-8BF0-7B39B7441C03}.Release|Any CPU.Build.0 = Release|Any CPU
	EndGlobalSection
	GlobalSection(SolutionProperties) = preSolution
		HideSolutionNode = FALSE
	EndGlobalSection
	GlobalSection(ExtensibilityGlobals) = postSolution
		SolutionGuid = {5070CB74-C31F-4184-A068-05AF23D71619}
	EndGlobalSection
EndGlobal
