
Microsoft Visual Studio Solution File, Format Version 12.00
# Visual Studio Version 16
VisualStudioVersion = 16.0.33328.57
MinimumVisualStudioVersion = 10.0.40219.1
Project("{FAE04EC0-301F-11D3-BF4B-00C04F79EFBC}") = "Lab11", "Lab11\Lab11.csproj", "{43846D47-6559-4E69-A739-1E95E057E31A}"
EndProject
Global
	GlobalSection(SolutionConfigurationPlatforms) = preSolution
		Debug|Any CPU = Debug|Any CPU
		Release|Any CPU = Release|Any CPU
	EndGlobalSection
	GlobalSection(ProjectConfigurationPlatforms) = postSolution
		{43846D47-6559-4E69-A739-1E95E057E31A}.Debug|Any CPU.ActiveCfg = Debug|Any CPU
		{43846D47-6559-4E69-A739-1E95E057E31A}.Debug|Any CPU.Build.0 = Debug|Any CPU
		{43846D47-6559-4E69-A739-1E95E057E31A}.Release|Any CPU.ActiveCfg = Release|Any CPU
		{43846D47-6559-4E69-A739-1E95E057E31A}.Release|Any CPU.Build.0 = Release|Any CPU
	EndGlobalSection
	GlobalSection(SolutionProperties) = preSolution
		HideSolutionNode = FALSE
	EndGlobalSection
	GlobalSection(ExtensibilityGlobals) = postSolution
		SolutionGuid = {E1FE4855-217A-4E54-AE3E-7F8DE7577328}
	EndGlobalSection
EndGlobal
